{
  "name": "Projekt",
  "lockfileVersion": 3,
  "requires": true,
  "packages": {
    "": {
      "dependencies": {
        "@react-oauth/google": "^0.11.1",
        "@types/gapi": "^0.0.47",
        "@types/gapi.auth2": "^0.0.60",
        "googleapis": "^128.0.0",
        "jwt-decode": "^4.0.0",
        "react-gapi-auth2": "^1.0.4",
        "react-hook-form": "^7.48.2",
        "react-hook-form-mui": "^6.5.4",
        "react-router-dom": "^6.18.0",
        "ts-react-google-login-component": "^1.1.9"
      }
    },
    "node_modules/@babel/runtime": {
      "version": "7.23.2",
      "resolved": "https://registry.npmjs.org/@babel/runtime/-/runtime-7.23.2.tgz",
      "integrity": "sha512-mM8eg4yl5D6i3lu2QKPuPH4FArvJ8KhTofbE7jwMUv9KX5mBvwPAqnV3MlyBNqdp9RyRKP6Yck8TrfYrPvX3bg==",
      "peer": true,
      "dependencies": {
        "regenerator-runtime": "^0.14.0"
      },
      "engines": {
        "node": ">=6.9.0"
      }
    },
    "node_modules/@emotion/cache": {
      "version": "11.11.0",
      "resolved": "https://registry.npmjs.org/@emotion/cache/-/cache-11.11.0.tgz",
      "integrity": "sha512-P34z9ssTCBi3e9EI1ZsWpNHcfY1r09ZO0rZbRO2ob3ZQMnFI35jB536qoXbkdesr5EUhYi22anuEJuyxifaqAQ==",
      "peer": true,
      "dependencies": {
        "@emotion/memoize": "^0.8.1",
        "@emotion/sheet": "^1.2.2",
        "@emotion/utils": "^1.2.1",
        "@emotion/weak-memoize": "^0.3.1",
        "stylis": "4.2.0"
      }
    },
    "node_modules/@emotion/memoize": {
      "version": "0.8.1",
      "resolved": "https://registry.npmjs.org/@emotion/memoize/-/memoize-0.8.1.tgz",
      "integrity": "sha512-W2P2c/VRW1/1tLox0mVUalvnWXxavmv/Oum2aPsRcoDJuob75FC3Y8FbpfLwUegRcxINtGUMPq0tFCvYNTBXNA==",
      "peer": true
    },
    "node_modules/@emotion/sheet": {
      "version": "1.2.2",
      "resolved": "https://registry.npmjs.org/@emotion/sheet/-/sheet-1.2.2.tgz",
      "integrity": "sha512-0QBtGvaqtWi+nx6doRwDdBIzhNdZrXUppvTM4dtZZWEGTXL/XE/yJxLMGlDT1Gt+UHH5IX1n+jkXyytE/av7OA==",
      "peer": true
    },
    "node_modules/@emotion/utils": {
      "version": "1.2.1",
      "resolved": "https://registry.npmjs.org/@emotion/utils/-/utils-1.2.1.tgz",
      "integrity": "sha512-Y2tGf3I+XVnajdItskUCn6LX+VUDmP6lTL4fcqsXAv43dnlbZiuW4MWQW38rW/BVWSE7Q/7+XQocmpnRYILUmg==",
      "peer": true
    },
    "node_modules/@emotion/weak-memoize": {
      "version": "0.3.1",
      "resolved": "https://registry.npmjs.org/@emotion/weak-memoize/-/weak-memoize-0.3.1.tgz",
      "integrity": "sha512-EsBwpc7hBUJWAsNPBmJy4hxWx12v6bshQsldrVmjxJoc3isbxhOrF2IcCpaXxfvq03NwkI7sbsOLXbYuqF/8Ww==",
      "peer": true
    },
    "node_modules/@floating-ui/core": {
      "version": "1.5.0",
      "resolved": "https://registry.npmjs.org/@floating-ui/core/-/core-1.5.0.tgz",
      "integrity": "sha512-kK1h4m36DQ0UHGj5Ah4db7R0rHemTqqO0QLvUqi1/mUUp3LuAWbWxdxSIf/XsnH9VS6rRVPLJCncjRzUvyCLXg==",
      "peer": true,
      "dependencies": {
        "@floating-ui/utils": "^0.1.3"
      }
    },
    "node_modules/@floating-ui/dom": {
      "version": "1.5.3",
      "resolved": "https://registry.npmjs.org/@floating-ui/dom/-/dom-1.5.3.tgz",
      "integrity": "sha512-ClAbQnEqJAKCJOEbbLo5IUlZHkNszqhuxS4fHAVxRPXPya6Ysf2G8KypnYcOTpx6I8xcgF9bbHb6g/2KpbV8qA==",
      "peer": true,
      "dependencies": {
        "@floating-ui/core": "^1.4.2",
        "@floating-ui/utils": "^0.1.3"
      }
    },
    "node_modules/@floating-ui/react-dom": {
      "version": "2.0.4",
      "resolved": "https://registry.npmjs.org/@floating-ui/react-dom/-/react-dom-2.0.4.tgz",
      "integrity": "sha512-CF8k2rgKeh/49UrnIBs4BdxPUV6vize/Db1d/YbCLyp9GiVZ0BEwf5AiDSxJRCr6yOkGqTFHtmrULxkEfYZ7dQ==",
      "peer": true,
      "dependencies": {
        "@floating-ui/dom": "^1.5.1"
      },
      "peerDependencies": {
        "react": ">=16.8.0",
        "react-dom": ">=16.8.0"
      }
    },
    "node_modules/@floating-ui/utils": {
      "version": "0.1.6",
      "resolved": "https://registry.npmjs.org/@floating-ui/utils/-/utils-0.1.6.tgz",
      "integrity": "sha512-OfX7E2oUDYxtBvsuS4e/jSn4Q9Qb6DzgeYtsAdkPZ47znpoNsMgZw0+tVijiv3uGNR6dgNlty6r9rzIzHjtd/A==",
      "peer": true
    },
    "node_modules/@mui/base": {
      "version": "5.0.0-beta.23",
      "resolved": "https://registry.npmjs.org/@mui/base/-/base-5.0.0-beta.23.tgz",
      "integrity": "sha512-9L8SQUGAWtd/Qi7Qem26+oSSgpY7f2iQTuvcz/rsGpyZjSomMMO6lwYeQSA0CpWM7+aN7eGoSY/WV6wxJiIxXw==",
      "peer": true,
      "dependencies": {
        "@babel/runtime": "^7.23.2",
        "@floating-ui/react-dom": "^2.0.2",
        "@mui/types": "^7.2.8",
        "@mui/utils": "^5.14.17",
        "@popperjs/core": "^2.11.8",
        "clsx": "^2.0.0",
        "prop-types": "^15.8.1"
      },
      "engines": {
        "node": ">=12.0.0"
      },
      "funding": {
        "type": "opencollective",
        "url": "https://opencollective.com/mui"
      },
      "peerDependencies": {
        "@types/react": "^17.0.0 || ^18.0.0",
        "react": "^17.0.0 || ^18.0.0",
        "react-dom": "^17.0.0 || ^18.0.0"
      },
      "peerDependenciesMeta": {
        "@types/react": {
          "optional": true
        }
      }
    },
    "node_modules/@mui/core-downloads-tracker": {
      "version": "5.14.17",
      "resolved": "https://registry.npmjs.org/@mui/core-downloads-tracker/-/core-downloads-tracker-5.14.17.tgz",
      "integrity": "sha512-eE0uxrpJAEL2ZXkeGLKg8HQDafsiXY+6eNpP4lcv3yIjFfGbU6Hj9/P7Adt8jpU+6JIhmxvILGj2r27pX+zdrQ==",
      "peer": true,
      "funding": {
        "type": "opencollective",
        "url": "https://opencollective.com/mui"
      }
    },
    "node_modules/@mui/material": {
      "version": "5.14.17",
      "resolved": "https://registry.npmjs.org/@mui/material/-/material-5.14.17.tgz",
      "integrity": "sha512-+y0VeOLWfEA4Z98We/UH6KCo8+f2HLZDK45FY+sJf8kSojLy3VntadKtC/u0itqnXXb1Pr4wKB2tSIBW02zY4Q==",
      "peer": true,
      "dependencies": {
        "@babel/runtime": "^7.23.2",
        "@mui/base": "5.0.0-beta.23",
        "@mui/core-downloads-tracker": "^5.14.17",
        "@mui/system": "^5.14.17",
        "@mui/types": "^7.2.8",
        "@mui/utils": "^5.14.17",
        "@types/react-transition-group": "^4.4.8",
        "clsx": "^2.0.0",
        "csstype": "^3.1.2",
        "prop-types": "^15.8.1",
        "react-is": "^18.2.0",
        "react-transition-group": "^4.4.5"
      },
      "engines": {
        "node": ">=12.0.0"
      },
      "funding": {
        "type": "opencollective",
        "url": "https://opencollective.com/mui"
      },
      "peerDependencies": {
        "@emotion/react": "^11.5.0",
        "@emotion/styled": "^11.3.0",
        "@types/react": "^17.0.0 || ^18.0.0",
        "react": "^17.0.0 || ^18.0.0",
        "react-dom": "^17.0.0 || ^18.0.0"
      },
      "peerDependenciesMeta": {
        "@emotion/react": {
          "optional": true
        },
        "@emotion/styled": {
          "optional": true
        },
        "@types/react": {
          "optional": true
        }
      }
    },
    "node_modules/@mui/private-theming": {
      "version": "5.14.17",
      "resolved": "https://registry.npmjs.org/@mui/private-theming/-/private-theming-5.14.17.tgz",
      "integrity": "sha512-u4zxsCm9xmQrlhVPug+Ccrtsjv7o2+rehvrgHoh0siSguvVgVQq5O3Hh10+tp/KWQo2JR4/nCEwquSXgITS1+g==",
      "peer": true,
      "dependencies": {
        "@babel/runtime": "^7.23.2",
        "@mui/utils": "^5.14.17",
        "prop-types": "^15.8.1"
      },
      "engines": {
        "node": ">=12.0.0"
      },
      "funding": {
        "type": "opencollective",
        "url": "https://opencollective.com/mui"
      },
      "peerDependencies": {
        "@types/react": "^17.0.0 || ^18.0.0",
        "react": "^17.0.0 || ^18.0.0"
      },
      "peerDependenciesMeta": {
        "@types/react": {
          "optional": true
        }
      }
    },
    "node_modules/@mui/styled-engine": {
      "version": "5.14.17",
      "resolved": "https://registry.npmjs.org/@mui/styled-engine/-/styled-engine-5.14.17.tgz",
      "integrity": "sha512-AqpVjBEA7wnBvKPW168bNlqB6EN7HxTjLOY7oi275AzD/b1C7V0wqELy6NWoJb2yya5sRf7ENf4iNi3+T5cOgw==",
      "peer": true,
      "dependencies": {
        "@babel/runtime": "^7.23.2",
        "@emotion/cache": "^11.11.0",
        "csstype": "^3.1.2",
        "prop-types": "^15.8.1"
      },
      "engines": {
        "node": ">=12.0.0"
      },
      "funding": {
        "type": "opencollective",
        "url": "https://opencollective.com/mui"
      },
      "peerDependencies": {
        "@emotion/react": "^11.4.1",
        "@emotion/styled": "^11.3.0",
        "react": "^17.0.0 || ^18.0.0"
      },
      "peerDependenciesMeta": {
        "@emotion/react": {
          "optional": true
        },
        "@emotion/styled": {
          "optional": true
        }
      }
    },
    "node_modules/@mui/system": {
      "version": "5.14.17",
      "resolved": "https://registry.npmjs.org/@mui/system/-/system-5.14.17.tgz",
      "integrity": "sha512-Ccz3XlbCqka6DnbHfpL3o3TfOeWQPR+ewvNAgm8gnS9M0yVMmzzmY6z0w/C1eebb+7ZP7IoLUj9vojg/GBaTPg==",
      "peer": true,
      "dependencies": {
        "@babel/runtime": "^7.23.2",
        "@mui/private-theming": "^5.14.17",
        "@mui/styled-engine": "^5.14.17",
        "@mui/types": "^7.2.8",
        "@mui/utils": "^5.14.17",
        "clsx": "^2.0.0",
        "csstype": "^3.1.2",
        "prop-types": "^15.8.1"
      },
      "engines": {
        "node": ">=12.0.0"
      },
      "funding": {
        "type": "opencollective",
        "url": "https://opencollective.com/mui"
      },
      "peerDependencies": {
        "@emotion/react": "^11.5.0",
        "@emotion/styled": "^11.3.0",
        "@types/react": "^17.0.0 || ^18.0.0",
        "react": "^17.0.0 || ^18.0.0"
      },
      "peerDependenciesMeta": {
        "@emotion/react": {
          "optional": true
        },
        "@emotion/styled": {
          "optional": true
        },
        "@types/react": {
          "optional": true
        }
      }
    },
    "node_modules/@mui/types": {
      "version": "7.2.8",
      "resolved": "https://registry.npmjs.org/@mui/types/-/types-7.2.8.tgz",
      "integrity": "sha512-9u0ji+xspl96WPqvrYJF/iO+1tQ1L5GTaDOeG3vCR893yy7VcWwRNiVMmPdPNpMDqx0WV1wtEW9OMwK9acWJzQ==",
      "peer": true,
      "peerDependencies": {
        "@types/react": "^17.0.0 || ^18.0.0"
      },
      "peerDependenciesMeta": {
        "@types/react": {
          "optional": true
        }
      }
    },
    "node_modules/@mui/utils": {
      "version": "5.14.17",
      "resolved": "https://registry.npmjs.org/@mui/utils/-/utils-5.14.17.tgz",
      "integrity": "sha512-yxnWgSS4J6DMFPw2Dof85yBkG02VTbEiqsikymMsnZnXDurtVGTIhlNuV24GTmFTuJMzEyTTU9UF+O7zaL8LEQ==",
      "peer": true,
      "dependencies": {
        "@babel/runtime": "^7.23.2",
        "@types/prop-types": "^15.7.9",
        "prop-types": "^15.8.1",
        "react-is": "^18.2.0"
      },
      "engines": {
        "node": ">=12.0.0"
      },
      "funding": {
        "type": "opencollective",
        "url": "https://opencollective.com/mui"
      },
      "peerDependencies": {
        "@types/react": "^17.0.0 || ^18.0.0",
        "react": "^17.0.0 || ^18.0.0"
      },
      "peerDependenciesMeta": {
        "@types/react": {
          "optional": true
        }
      }
    },
    "node_modules/@popperjs/core": {
      "version": "2.11.8",
      "resolved": "https://registry.npmjs.org/@popperjs/core/-/core-2.11.8.tgz",
      "integrity": "sha512-P1st0aksCrn9sGZhp8GMYwBnQsbvAWsZAX44oXNNvLHGqAOcoVxmjZiohstwQ7SqKnbR47akdNi+uleWD8+g6A==",
      "peer": true,
      "funding": {
        "type": "opencollective",
        "url": "https://opencollective.com/popperjs"
      }
    },
    "node_modules/@react-oauth/google": {
      "version": "0.11.1",
      "resolved": "https://registry.npmjs.org/@react-oauth/google/-/google-0.11.1.tgz",
      "integrity": "sha512-tywZisXbsdaRBVbEu0VX6dRbOSL2I6DgY97woq5NMOOOz+xtDsm418vqq+Vx10KMtra3kdHMRMf0hXLWrk2RMg==",
      "peerDependencies": {
        "react": ">=16.8.0",
        "react-dom": ">=16.8.0"
      }
    },
    "node_modules/@remix-run/router": {
      "version": "1.11.0",
      "resolved": "https://registry.npmjs.org/@remix-run/router/-/router-1.11.0.tgz",
      "integrity": "sha512-BHdhcWgeiudl91HvVa2wxqZjSHbheSgIiDvxrF1VjFzBzpTtuDPkOdOi3Iqvc08kXtFkLjhbS+ML9aM8mJS+wQ==",
      "engines": {
        "node": ">=14.0.0"
      }
    },
    "node_modules/@types/gapi": {
      "version": "0.0.47",
      "resolved": "https://registry.npmjs.org/@types/gapi/-/gapi-0.0.47.tgz",
      "integrity": "sha512-/ZsLuq6BffMgbKMtZyDZ8vwQvTyKhKQ1G2K6VyWCgtHHhfSSXbk4+4JwImZiTjWNXfI2q1ZStAwFFHSkNoTkHA=="
    },
    "node_modules/@types/gapi.auth2": {
      "version": "0.0.60",
      "resolved": "https://registry.npmjs.org/@types/gapi.auth2/-/gapi.auth2-0.0.60.tgz",
      "integrity": "sha512-KQiyTHRyAcat6marTRAixrkHhkS7mqclcbQvInfxyp7IeUDSUzLBlgH1s0SFaLl1m1jRY6b+qh4NMlmVm0wPEw==",
      "dependencies": {
        "@types/gapi": "*"
      }
    },
    "node_modules/@types/prop-types": {
      "version": "15.7.10",
      "resolved": "https://registry.npmjs.org/@types/prop-types/-/prop-types-15.7.10.tgz",
      "integrity": "sha512-mxSnDQxPqsZxmeShFH+uwQ4kO4gcJcGahjjMFeLbKE95IAZiiZyiEepGZjtXJ7hN/yfu0bu9xN2ajcU0JcxX6A==",
      "peer": true
    },
    "node_modules/@types/react": {
      "version": "18.2.37",
      "resolved": "https://registry.npmjs.org/@types/react/-/react-18.2.37.tgz",
      "integrity": "sha512-RGAYMi2bhRgEXT3f4B92WTohopH6bIXw05FuGlmJEnv/omEn190+QYEIYxIAuIBdKgboYYdVved2p1AxZVQnaw==",
      "peer": true,
      "dependencies": {
        "@types/prop-types": "*",
        "@types/scheduler": "*",
        "csstype": "^3.0.2"
      }
    },
    "node_modules/@types/react-transition-group": {
      "version": "4.4.9",
      "resolved": "https://registry.npmjs.org/@types/react-transition-group/-/react-transition-group-4.4.9.tgz",
      "integrity": "sha512-ZVNmWumUIh5NhH8aMD9CR2hdW0fNuYInlocZHaZ+dgk/1K49j1w/HoAuK1ki+pgscQrOFRTlXeoURtuzEkV3dg==",
      "peer": true,
      "dependencies": {
        "@types/react": "*"
      }
    },
    "node_modules/@types/scheduler": {
      "version": "0.16.6",
      "resolved": "https://registry.npmjs.org/@types/scheduler/-/scheduler-0.16.6.tgz",
      "integrity": "sha512-Vlktnchmkylvc9SnwwwozTv04L/e1NykF5vgoQ0XTmI8DD+wxfjQuHuvHS3p0r2jz2x2ghPs2h1FVeDirIteWA==",
      "peer": true
    },
    "node_modules/agent-base": {
      "version": "7.1.0",
      "resolved": "https://registry.npmjs.org/agent-base/-/agent-base-7.1.0.tgz",
      "integrity": "sha512-o/zjMZRhJxny7OyEF+Op8X+efiELC7k7yOjMzgfzVqOzXqkBkWI79YoTdOtsuWd5BWhAGAuOY/Xa6xpiaWXiNg==",
      "dependencies": {
        "debug": "^4.3.4"
      },
      "engines": {
        "node": ">= 14"
      }
    },
    "node_modules/base64-js": {
      "version": "1.5.1",
      "resolved": "https://registry.npmjs.org/base64-js/-/base64-js-1.5.1.tgz",
      "integrity": "sha512-AKpaYlHn8t4SVbOHCy+b5+KKgvR4vrsD8vbvrbiQJps7fKDTkjkDry6ji0rUJjC0kzbNePLwzxq8iypo41qeWA==",
      "funding": [
        {
          "type": "github",
          "url": "https://github.com/sponsors/feross"
        },
        {
          "type": "patreon",
          "url": "https://www.patreon.com/feross"
        },
        {
          "type": "consulting",
          "url": "https://feross.org/support"
        }
      ]
    },
    "node_modules/bignumber.js": {
      "version": "9.1.2",
      "resolved": "https://registry.npmjs.org/bignumber.js/-/bignumber.js-9.1.2.tgz",
      "integrity": "sha512-2/mKyZH9K85bzOEfhXDBFZTGd1CTs+5IHpeFQo9luiBG7hghdC851Pj2WAhb6E3R6b9tZj/XKhbg4fum+Kepug==",
      "engines": {
        "node": "*"
      }
    },
    "node_modules/buffer-equal-constant-time": {
      "version": "1.0.1",
      "resolved": "https://registry.npmjs.org/buffer-equal-constant-time/-/buffer-equal-constant-time-1.0.1.tgz",
      "integrity": "sha512-zRpUiDwd/xk6ADqPMATG8vc9VPrkck7T07OIx0gnjmJAnHnTVXNQG3vfvWNuiZIkwu9KrKdA1iJKfsfTVxE6NA=="
    },
    "node_modules/call-bind": {
      "version": "1.0.5",
      "resolved": "https://registry.npmjs.org/call-bind/-/call-bind-1.0.5.tgz",
      "integrity": "sha512-C3nQxfFZxFRVoJoGKKI8y3MOEo129NQ+FgQ08iye+Mk4zNZZGdjfs06bVTr+DBSlA66Q2VEcMki/cUCP4SercQ==",
      "dependencies": {
        "function-bind": "^1.1.2",
        "get-intrinsic": "^1.2.1",
        "set-function-length": "^1.1.1"
      },
      "funding": {
        "url": "https://github.com/sponsors/ljharb"
      }
    },
    "node_modules/clsx": {
      "version": "2.0.0",
      "resolved": "https://registry.npmjs.org/clsx/-/clsx-2.0.0.tgz",
      "integrity": "sha512-rQ1+kcj+ttHG0MKVGBUXwayCCF1oh39BF5COIpRzuCEv8Mwjv0XucrI2ExNTOn9IlLifGClWQcU9BrZORvtw6Q==",
      "peer": true,
      "engines": {
        "node": ">=6"
      }
    },
    "node_modules/csstype": {
      "version": "3.1.2",
      "resolved": "https://registry.npmjs.org/csstype/-/csstype-3.1.2.tgz",
      "integrity": "sha512-I7K1Uu0MBPzaFKg4nI5Q7Vs2t+3gWWW648spaF+Rg7pI9ds18Ugn+lvg4SHczUdKlHI5LWBXyqfS8+DufyBsgQ==",
      "peer": true
    },
    "node_modules/debug": {
      "version": "4.3.4",
      "resolved": "https://registry.npmjs.org/debug/-/debug-4.3.4.tgz",
      "integrity": "sha512-PRWFHuSU3eDtQJPvnNY7Jcket1j0t5OuOsFzPPzsekD52Zl8qUfFIPEiswXqIvHWGVHOgX+7G/vCNNhehwxfkQ==",
      "dependencies": {
        "ms": "2.1.2"
      },
      "engines": {
        "node": ">=6.0"
      },
      "peerDependenciesMeta": {
        "supports-color": {
          "optional": true
        }
      }
    },
    "node_modules/define-data-property": {
      "version": "1.1.1",
      "resolved": "https://registry.npmjs.org/define-data-property/-/define-data-property-1.1.1.tgz",
      "integrity": "sha512-E7uGkTzkk1d0ByLeSc6ZsFS79Axg+m1P/VsgYsxHgiuc3tFSj+MjMIwe90FC4lOAZzNBdY7kkO2P2wKdsQ1vgQ==",
      "dependencies": {
        "get-intrinsic": "^1.2.1",
        "gopd": "^1.0.1",
        "has-property-descriptors": "^1.0.0"
      },
      "engines": {
        "node": ">= 0.4"
      }
    },
    "node_modules/dom-helpers": {
      "version": "5.2.1",
      "resolved": "https://registry.npmjs.org/dom-helpers/-/dom-helpers-5.2.1.tgz",
      "integrity": "sha512-nRCa7CK3VTrM2NmGkIy4cbK7IZlgBE/PYMn55rrXefr5xXDP0LdtfPnblFDoVdcAfslJ7or6iqAUnx0CCGIWQA==",
      "peer": true,
      "dependencies": {
        "@babel/runtime": "^7.8.7",
        "csstype": "^3.0.2"
      }
    },
    "node_modules/ecdsa-sig-formatter": {
      "version": "1.0.11",
      "resolved": "https://registry.npmjs.org/ecdsa-sig-formatter/-/ecdsa-sig-formatter-1.0.11.tgz",
      "integrity": "sha512-nagl3RYrbNv6kQkeJIpt6NJZy8twLB/2vtz6yN9Z4vRKHN4/QZJIEbqohALSgwKdnksuY3k5Addp5lg8sVoVcQ==",
      "dependencies": {
        "safe-buffer": "^5.0.1"
      }
    },
    "node_modules/extend": {
      "version": "3.0.2",
      "resolved": "https://registry.npmjs.org/extend/-/extend-3.0.2.tgz",
      "integrity": "sha512-fjquC59cD7CyW6urNXK0FBufkZcoiGG80wTuPujX590cB5Ttln20E2UB4S/WARVqhXffZl2LNgS+gQdPIIim/g=="
    },
    "node_modules/function-bind": {
      "version": "1.1.2",
      "resolved": "https://registry.npmjs.org/function-bind/-/function-bind-1.1.2.tgz",
      "integrity": "sha512-7XHNxH7qX9xG5mIwxkhumTox/MIRNcOgDrxWsMt2pAr23WHp6MrRlN7FBSFpCpr+oVO0F744iUgR82nJMfG2SA==",
      "funding": {
        "url": "https://github.com/sponsors/ljharb"
      }
    },
    "node_modules/gaxios": {
      "version": "6.1.1",
      "resolved": "https://registry.npmjs.org/gaxios/-/gaxios-6.1.1.tgz",
      "integrity": "sha512-bw8smrX+XlAoo9o1JAksBwX+hi/RG15J+NTSxmNPIclKC3ZVK6C2afwY8OSdRvOK0+ZLecUJYtj2MmjOt3Dm0w==",
      "dependencies": {
        "extend": "^3.0.2",
        "https-proxy-agent": "^7.0.1",
        "is-stream": "^2.0.0",
        "node-fetch": "^2.6.9"
      },
      "engines": {
        "node": ">=14"
      }
    },
    "node_modules/gcp-metadata": {
      "version": "6.0.0",
      "resolved": "https://registry.npmjs.org/gcp-metadata/-/gcp-metadata-6.0.0.tgz",
      "integrity": "sha512-Ozxyi23/1Ar51wjUT2RDklK+3HxqDr8TLBNK8rBBFQ7T85iIGnXnVusauj06QyqCXRFZig8LZC+TUddWbndlpQ==",
      "dependencies": {
        "gaxios": "^6.0.0",
        "json-bigint": "^1.0.0"
      },
      "engines": {
        "node": ">=14"
      }
    },
    "node_modules/get-intrinsic": {
      "version": "1.2.2",
      "resolved": "https://registry.npmjs.org/get-intrinsic/-/get-intrinsic-1.2.2.tgz",
      "integrity": "sha512-0gSo4ml/0j98Y3lngkFEot/zhiCeWsbYIlZ+uZOVgzLyLaUw7wxUL+nCTP0XJvJg1AXulJRI3UJi8GsbDuxdGA==",
      "dependencies": {
        "function-bind": "^1.1.2",
        "has-proto": "^1.0.1",
        "has-symbols": "^1.0.3",
        "hasown": "^2.0.0"
      },
      "funding": {
        "url": "https://github.com/sponsors/ljharb"
      }
    },
    "node_modules/google-auth-library": {
      "version": "9.2.0",
      "resolved": "https://registry.npmjs.org/google-auth-library/-/google-auth-library-9.2.0.tgz",
      "integrity": "sha512-1oV3p0JhNEhVbj26eF3FAJcv9MXXQt4S0wcvKZaDbl4oHq5V3UJoSbsGZGQNcjoCdhW4kDSwOs11wLlHog3fgQ==",
      "dependencies": {
        "base64-js": "^1.3.0",
        "ecdsa-sig-formatter": "^1.0.11",
        "gaxios": "^6.0.0",
        "gcp-metadata": "^6.0.0",
        "gtoken": "^7.0.0",
        "jws": "^4.0.0"
      },
      "engines": {
        "node": ">=14"
      }
    },
    "node_modules/googleapis": {
      "version": "128.0.0",
      "resolved": "https://registry.npmjs.org/googleapis/-/googleapis-128.0.0.tgz",
      "integrity": "sha512-+sLtVYNazcxaSD84N6rihVX4QiGoqRdnlz2SwmQQkadF31XonDfy4ufk3maMg27+FiySrH0rd7V8p+YJG6cknA==",
      "dependencies": {
        "google-auth-library": "^9.0.0",
        "googleapis-common": "^7.0.0"
      },
      "engines": {
        "node": ">=14.0.0"
      }
    },
    "node_modules/googleapis-common": {
      "version": "7.0.1",
      "resolved": "https://registry.npmjs.org/googleapis-common/-/googleapis-common-7.0.1.tgz",
      "integrity": "sha512-mgt5zsd7zj5t5QXvDanjWguMdHAcJmmDrF9RkInCecNsyV7S7YtGqm5v2IWONNID88osb7zmx5FtrAP12JfD0w==",
      "dependencies": {
        "extend": "^3.0.2",
        "gaxios": "^6.0.3",
        "google-auth-library": "^9.0.0",
        "qs": "^6.7.0",
        "url-template": "^2.0.8",
        "uuid": "^9.0.0"
      },
      "engines": {
        "node": ">=14.0.0"
      }
    },
    "node_modules/gopd": {
      "version": "1.0.1",
      "resolved": "https://registry.npmjs.org/gopd/-/gopd-1.0.1.tgz",
      "integrity": "sha512-d65bNlIadxvpb/A2abVdlqKqV563juRnZ1Wtk6s1sIR8uNsXR70xqIzVqxVf1eTqDunwT2MkczEeaezCKTZhwA==",
      "dependencies": {
        "get-intrinsic": "^1.1.3"
      },
      "funding": {
        "url": "https://github.com/sponsors/ljharb"
      }
    },
    "node_modules/gtoken": {
      "version": "7.0.1",
      "resolved": "https://registry.npmjs.org/gtoken/-/gtoken-7.0.1.tgz",
      "integrity": "sha512-KcFVtoP1CVFtQu0aSk3AyAt2og66PFhZAlkUOuWKwzMLoulHXG5W5wE5xAnHb+yl3/wEFoqGW7/cDGMU8igDZQ==",
      "dependencies": {
        "gaxios": "^6.0.0",
        "jws": "^4.0.0"
      },
      "engines": {
        "node": ">=14.0.0"
      }
    },
    "node_modules/has-property-descriptors": {
      "version": "1.0.1",
      "resolved": "https://registry.npmjs.org/has-property-descriptors/-/has-property-descriptors-1.0.1.tgz",
      "integrity": "sha512-VsX8eaIewvas0xnvinAe9bw4WfIeODpGYikiWYLH+dma0Jw6KHYqWiWfhQlgOVK8D6PvjubK5Uc4P0iIhIcNVg==",
      "dependencies": {
        "get-intrinsic": "^1.2.2"
      },
      "funding": {
        "url": "https://github.com/sponsors/ljharb"
      }
    },
    "node_modules/has-proto": {
      "version": "1.0.1",
      "resolved": "https://registry.npmjs.org/has-proto/-/has-proto-1.0.1.tgz",
      "integrity": "sha512-7qE+iP+O+bgF9clE5+UoBFzE65mlBiVj3tKCrlNQ0Ogwm0BjpT/gK4SlLYDMybDh5I3TCTKnPPa0oMG7JDYrhg==",
      "engines": {
        "node": ">= 0.4"
      },
      "funding": {
        "url": "https://github.com/sponsors/ljharb"
      }
    },
    "node_modules/has-symbols": {
      "version": "1.0.3",
      "resolved": "https://registry.npmjs.org/has-symbols/-/has-symbols-1.0.3.tgz",
      "integrity": "sha512-l3LCuF6MgDNwTDKkdYGEihYjt5pRPbEg46rtlmnSPlUbgmB8LOIrKJbYYFBSbnPaJexMKtiPO8hmeRjRz2Td+A==",
      "engines": {
        "node": ">= 0.4"
      },
      "funding": {
        "url": "https://github.com/sponsors/ljharb"
      }
    },
    "node_modules/hasown": {
      "version": "2.0.0",
      "resolved": "https://registry.npmjs.org/hasown/-/hasown-2.0.0.tgz",
      "integrity": "sha512-vUptKVTpIJhcczKBbgnS+RtcuYMB8+oNzPK2/Hp3hanz8JmpATdmmgLgSaadVREkDm+e2giHwY3ZRkyjSIDDFA==",
      "dependencies": {
        "function-bind": "^1.1.2"
      },
      "engines": {
        "node": ">= 0.4"
      }
    },
    "node_modules/https-proxy-agent": {
      "version": "7.0.2",
      "resolved": "https://registry.npmjs.org/https-proxy-agent/-/https-proxy-agent-7.0.2.tgz",
      "integrity": "sha512-NmLNjm6ucYwtcUmL7JQC1ZQ57LmHP4lT15FQ8D61nak1rO6DH+fz5qNK2Ap5UN4ZapYICE3/0KodcLYSPsPbaA==",
      "dependencies": {
        "agent-base": "^7.0.2",
        "debug": "4"
      },
      "engines": {
        "node": ">= 14"
      }
    },
    "node_modules/is-stream": {
      "version": "2.0.1",
      "resolved": "https://registry.npmjs.org/is-stream/-/is-stream-2.0.1.tgz",
      "integrity": "sha512-hFoiJiTl63nn+kstHGBtewWSKnQLpyb155KHheA1l39uvtO9nWIop1p3udqPcUd/xbF1VLMO4n7OI6p7RbngDg==",
      "engines": {
        "node": ">=8"
      },
      "funding": {
        "url": "https://github.com/sponsors/sindresorhus"
      }
    },
    "node_modules/js-tokens": {
      "version": "4.0.0",
      "resolved": "https://registry.npmjs.org/js-tokens/-/js-tokens-4.0.0.tgz",
      "integrity": "sha512-RdJUflcE3cUzKiMqQgsCu06FPu9UdIJO0beYbPhHN4k6apgJtifcoCtT9bcxOpYBtpD2kCM6Sbzg4CausW/PKQ==",
      "peer": true
    },
    "node_modules/json-bigint": {
      "version": "1.0.0",
      "resolved": "https://registry.npmjs.org/json-bigint/-/json-bigint-1.0.0.tgz",
      "integrity": "sha512-SiPv/8VpZuWbvLSMtTDU8hEfrZWg/mH/nV/b4o0CYbSxu1UIQPLdwKOCIyLQX+VIPO5vrLX3i8qtqFyhdPSUSQ==",
      "dependencies": {
        "bignumber.js": "^9.0.0"
      }
    },
    "node_modules/jwa": {
      "version": "2.0.0",
      "resolved": "https://registry.npmjs.org/jwa/-/jwa-2.0.0.tgz",
      "integrity": "sha512-jrZ2Qx916EA+fq9cEAeCROWPTfCwi1IVHqT2tapuqLEVVDKFDENFw1oL+MwrTvH6msKxsd1YTDVw6uKEcsrLEA==",
      "dependencies": {
        "buffer-equal-constant-time": "1.0.1",
        "ecdsa-sig-formatter": "1.0.11",
        "safe-buffer": "^5.0.1"
      }
    },
    "node_modules/jws": {
      "version": "4.0.0",
      "resolved": "https://registry.npmjs.org/jws/-/jws-4.0.0.tgz",
      "integrity": "sha512-KDncfTmOZoOMTFG4mBlG0qUIOlc03fmzH+ru6RgYVZhPkyiy/92Owlt/8UEN+a4TXR1FQetfIpJE8ApdvdVxTg==",
      "dependencies": {
        "jwa": "^2.0.0",
        "safe-buffer": "^5.0.1"
      }
    },
    "node_modules/jwt-decode": {
      "version": "4.0.0",
      "resolved": "https://registry.npmjs.org/jwt-decode/-/jwt-decode-4.0.0.tgz",
      "integrity": "sha512-+KJGIyHgkGuIq3IEBNftfhW/LfWhXUIY6OmyVWjliu5KH1y0fw7VQ8YndE2O4qZdMSd9SqbnC8GOcZEy0Om7sA==",
      "engines": {
        "node": ">=18"
      }
    },
    "node_modules/loose-envify": {
      "version": "1.4.0",
      "resolved": "https://registry.npmjs.org/loose-envify/-/loose-envify-1.4.0.tgz",
      "integrity": "sha512-lyuxPGr/Wfhrlem2CL/UcnUc1zcqKAImBDzukY7Y5F/yQiNdko6+fRLevlw1HgMySw7f611UIY408EtxRSoK3Q==",
      "peer": true,
      "dependencies": {
        "js-tokens": "^3.0.0 || ^4.0.0"
      },
      "bin": {
        "loose-envify": "cli.js"
      }
    },
    "node_modules/ms": {
      "version": "2.1.2",
      "resolved": "https://registry.npmjs.org/ms/-/ms-2.1.2.tgz",
      "integrity": "sha512-sGkPx+VjMtmA6MX27oA4FBFELFCZZ4S4XqeGOXCv68tT+jb3vk/RyaKWP0PTKyWtmLSM0b+adUTEvbs1PEaH2w=="
    },
    "node_modules/node-fetch": {
      "version": "2.7.0",
      "resolved": "https://registry.npmjs.org/node-fetch/-/node-fetch-2.7.0.tgz",
      "integrity": "sha512-c4FRfUm/dbcWZ7U+1Wq0AwCyFL+3nt2bEw05wfxSz+DWpWsitgmSgYmy2dQdWyKC1694ELPqMs/YzUSNozLt8A==",
      "dependencies": {
        "whatwg-url": "^5.0.0"
      },
      "engines": {
        "node": "4.x || >=6.0.0"
      },
      "peerDependencies": {
        "encoding": "^0.1.0"
      },
      "peerDependenciesMeta": {
        "encoding": {
          "optional": true
        }
      }
    },
    "node_modules/object-assign": {
      "version": "4.1.1",
      "resolved": "https://registry.npmjs.org/object-assign/-/object-assign-4.1.1.tgz",
      "integrity": "sha512-rJgTQnkUnH1sFw8yT6VSU3zD3sWmu6sZhIseY8VX+GRu3P6F7Fu+JNDoXfklElbLJSnc3FUQHVe4cU5hj+BcUg==",
      "peer": true,
      "engines": {
        "node": ">=0.10.0"
      }
    },
    "node_modules/object-inspect": {
      "version": "1.13.1",
      "resolved": "https://registry.npmjs.org/object-inspect/-/object-inspect-1.13.1.tgz",
      "integrity": "sha512-5qoj1RUiKOMsCCNLV1CBiPYE10sziTsnmNxkAI/rZhiD63CF7IqdFGC/XzjWjpSgLf0LxXX3bDFIh0E18f6UhQ==",
      "funding": {
        "url": "https://github.com/sponsors/ljharb"
      }
    },
    "node_modules/prop-types": {
      "version": "15.8.1",
      "resolved": "https://registry.npmjs.org/prop-types/-/prop-types-15.8.1.tgz",
      "integrity": "sha512-oj87CgZICdulUohogVAR7AjlC0327U4el4L6eAvOqCeudMDVU0NThNaV+b9Df4dXgSP1gXMTnPdhfe/2qDH5cg==",
      "peer": true,
      "dependencies": {
        "loose-envify": "^1.4.0",
        "object-assign": "^4.1.1",
        "react-is": "^16.13.1"
      }
    },
    "node_modules/prop-types/node_modules/react-is": {
      "version": "16.13.1",
      "resolved": "https://registry.npmjs.org/react-is/-/react-is-16.13.1.tgz",
      "integrity": "sha512-24e6ynE2H+OKt4kqsOvNd8kBpV65zoxbA4BVsEOB3ARVWQki/DHzaUoC5KuON/BiccDaCCTZBuOcfZs70kR8bQ==",
      "peer": true
    },
    "node_modules/qs": {
      "version": "6.11.2",
      "resolved": "https://registry.npmjs.org/qs/-/qs-6.11.2.tgz",
      "integrity": "sha512-tDNIz22aBzCDxLtVH++VnTfzxlfeK5CbqohpSqpJgj1Wg/cQbStNAz3NuqCs5vV+pjBsK4x4pN9HlVh7rcYRiA==",
      "dependencies": {
        "side-channel": "^1.0.4"
      },
      "engines": {
        "node": ">=0.6"
      },
      "funding": {
        "url": "https://github.com/sponsors/ljharb"
      }
    },
    "node_modules/react": {
      "version": "18.2.0",
      "resolved": "https://registry.npmjs.org/react/-/react-18.2.0.tgz",
      "integrity": "sha512-/3IjMdb2L9QbBdWiW5e3P2/npwMBaU9mHCSCUzNln0ZCYbcfTsGbTJrU/kGemdH2IWmB2ioZ+zkxtmq6g09fGQ==",
      "peer": true,
      "dependencies": {
        "loose-envify": "^1.1.0"
      },
      "engines": {
        "node": ">=0.10.0"
      }
    },
    "node_modules/react-dom": {
      "version": "18.2.0",
      "resolved": "https://registry.npmjs.org/react-dom/-/react-dom-18.2.0.tgz",
      "integrity": "sha512-6IMTriUmvsjHUjNtEDudZfuDQUoWXVxKHhlEGSk81n4YFS+r/Kl99wXiwlVXtPBtJenozv2P+hxDsw9eA7Xo6g==",
      "peer": true,
      "dependencies": {
        "loose-envify": "^1.1.0",
        "scheduler": "^0.23.0"
      },
      "peerDependencies": {
        "react": "^18.2.0"
      }
    },
    "node_modules/react-gapi-auth2": {
      "version": "1.0.4",
      "resolved": "https://registry.npmjs.org/react-gapi-auth2/-/react-gapi-auth2-1.0.4.tgz",
      "integrity": "sha512-iUDqEpmLxJ8yrPHkPx68XE4/I6S91CG5BC2VM2OEW0G2vyPM+jBchMhlFo3q+E6+A24i0PPiK3UEDReTPZv0DA==",
      "dependencies": {
        "@types/gapi": "0.0.39",
        "@types/gapi.auth2": "0.0.54"
      },
      "peerDependencies": {
        "react": ">=16.8.0",
        "react-dom": ">=16.8.0"
      }
    },
    "node_modules/react-gapi-auth2/node_modules/@types/gapi": {
      "version": "0.0.39",
      "resolved": "https://registry.npmjs.org/@types/gapi/-/gapi-0.0.39.tgz",
      "integrity": "sha512-R1TZeZbvvbIC60DBJMhuOEivQHzOQtzl3uMDOOENTYQTSSDB6oEMpJo8HVPOTWivdUTbyEcB5qQOVr/JCKRlCQ=="
    },
    "node_modules/react-gapi-auth2/node_modules/@types/gapi.auth2": {
      "version": "0.0.54",
      "resolved": "https://registry.npmjs.org/@types/gapi.auth2/-/gapi.auth2-0.0.54.tgz",
      "integrity": "sha512-4HEphaKsGndb9+tnd2PBBmxloaij04iYXVsjgHpFxqbPFt5Le6pasoh5g5BEtwp/YEm9xDbzssp44BYR2/7RcQ==",
      "dependencies": {
        "@types/gapi": "*"
      }
    },
    "node_modules/react-hook-form": {
      "version": "7.48.2",
      "resolved": "https://registry.npmjs.org/react-hook-form/-/react-hook-form-7.48.2.tgz",
      "integrity": "sha512-H0T2InFQb1hX7qKtDIZmvpU1Xfn/bdahWBN1fH19gSe4bBEqTfmlr7H3XWTaVtiK4/tpPaI1F3355GPMZYge+A==",
      "engines": {
        "node": ">=12.22.0"
      },
      "funding": {
        "type": "opencollective",
        "url": "https://opencollective.com/react-hook-form"
      },
      "peerDependencies": {
        "react": "^16.8.0 || ^17 || ^18"
      }
    },
    "node_modules/react-hook-form-mui": {
      "version": "6.5.4",
      "resolved": "https://registry.npmjs.org/react-hook-form-mui/-/react-hook-form-mui-6.5.4.tgz",
      "integrity": "sha512-k/+4fOdRdS1z45/yRmbZK6lipnyntxQhPEXjNMVxrM2NTmP6l16vGodUCVd6o6CyZeEZRvgwHXGwq87+RmV+9g==",
      "engines": {
        "node": ">=14"
      },
      "peerDependencies": {
        "@mui/icons-material": ">= 5.x <6",
        "@mui/material": ">= 5.x <6",
        "@mui/x-date-pickers": ">=6.1.0 <7",
        "react": ">=17 <19",
        "react-hook-form": ">=7.33.1"
      },
      "peerDependenciesMeta": {
        "@mui/icons-material": {
          "optional": true
        },
        "@mui/x-date-pickers": {
          "optional": true
        }
      }
    },
    "node_modules/react-is": {
      "version": "18.2.0",
      "resolved": "https://registry.npmjs.org/react-is/-/react-is-18.2.0.tgz",
      "integrity": "sha512-xWGDIW6x921xtzPkhiULtthJHoJvBbF3q26fzloPCK0hsvxtPVelvftw3zjbHWSkR2km9Z+4uxbDDK/6Zw9B8w==",
      "peer": true
    },
    "node_modules/react-router": {
      "version": "6.18.0",
      "resolved": "https://registry.npmjs.org/react-router/-/react-router-6.18.0.tgz",
      "integrity": "sha512-vk2y7Dsy8wI02eRRaRmOs9g2o+aE72YCx5q9VasT1N9v+lrdB79tIqrjMfByHiY5+6aYkH2rUa5X839nwWGPDg==",
      "dependencies": {
        "@remix-run/router": "1.11.0"
      },
      "engines": {
        "node": ">=14.0.0"
      },
      "peerDependencies": {
        "react": ">=16.8"
      }
    },
    "node_modules/react-router-dom": {
      "version": "6.18.0",
      "resolved": "https://registry.npmjs.org/react-router-dom/-/react-router-dom-6.18.0.tgz",
      "integrity": "sha512-Ubrue4+Ercc/BoDkFQfc6og5zRQ4A8YxSO3Knsne+eRbZ+IepAsK249XBH/XaFuOYOYr3L3r13CXTLvYt5JDjw==",
      "dependencies": {
        "@remix-run/router": "1.11.0",
        "react-router": "6.18.0"
      },
      "engines": {
        "node": ">=14.0.0"
      },
      "peerDependencies": {
        "react": ">=16.8",
        "react-dom": ">=16.8"
      }
    },
    "node_modules/react-transition-group": {
      "version": "4.4.5",
      "resolved": "https://registry.npmjs.org/react-transition-group/-/react-transition-group-4.4.5.tgz",
      "integrity": "sha512-pZcd1MCJoiKiBR2NRxeCRg13uCXbydPnmB4EOeRrY7480qNWO8IIgQG6zlDkm6uRMsURXPuKq0GWtiM59a5Q6g==",
      "peer": true,
      "dependencies": {
        "@babel/runtime": "^7.5.5",
        "dom-helpers": "^5.0.1",
        "loose-envify": "^1.4.0",
        "prop-types": "^15.6.2"
      },
      "peerDependencies": {
        "react": ">=16.6.0",
        "react-dom": ">=16.6.0"
      }
    },
    "node_modules/regenerator-runtime": {
      "version": "0.14.0",
      "resolved": "https://registry.npmjs.org/regenerator-runtime/-/regenerator-runtime-0.14.0.tgz",
      "integrity": "sha512-srw17NI0TUWHuGa5CFGGmhfNIeja30WMBfbslPNhf6JrqQlLN5gcrvig1oqPxiVaXb0oW0XRKtH6Nngs5lKCIA==",
      "peer": true
    },
    "node_modules/safe-buffer": {
      "version": "5.2.1",
      "resolved": "https://registry.npmjs.org/safe-buffer/-/safe-buffer-5.2.1.tgz",
      "integrity": "sha512-rp3So07KcdmmKbGvgaNxQSJr7bGVSVk5S9Eq1F+ppbRo70+YeaDxkw5Dd8NPN+GD6bjnYm2VuPuCXmpuYvmCXQ==",
      "funding": [
        {
          "type": "github",
          "url": "https://github.com/sponsors/feross"
        },
        {
          "type": "patreon",
          "url": "https://www.patreon.com/feross"
        },
        {
          "type": "consulting",
          "url": "https://feross.org/support"
        }
      ]
    },
    "node_modules/scheduler": {
      "version": "0.23.0",
      "resolved": "https://registry.npmjs.org/scheduler/-/scheduler-0.23.0.tgz",
      "integrity": "sha512-CtuThmgHNg7zIZWAXi3AsyIzA3n4xx7aNyjwC2VJldO2LMVDhFK+63xGqq6CsJH4rTAt6/M+N4GhZiDYPx9eUw==",
      "peer": true,
      "dependencies": {
        "loose-envify": "^1.1.0"
      }
    },
    "node_modules/set-function-length": {
      "version": "1.1.1",
      "resolved": "https://registry.npmjs.org/set-function-length/-/set-function-length-1.1.1.tgz",
      "integrity": "sha512-VoaqjbBJKiWtg4yRcKBQ7g7wnGnLV3M8oLvVWwOk2PdYY6PEFegR1vezXR0tw6fZGF9csVakIRjrJiy2veSBFQ==",
      "dependencies": {
        "define-data-property": "^1.1.1",
        "get-intrinsic": "^1.2.1",
        "gopd": "^1.0.1",
        "has-property-descriptors": "^1.0.0"
      },
      "engines": {
        "node": ">= 0.4"
      }
    },
    "node_modules/side-channel": {
      "version": "1.0.4",
      "resolved": "https://registry.npmjs.org/side-channel/-/side-channel-1.0.4.tgz",
      "integrity": "sha512-q5XPytqFEIKHkGdiMIrY10mvLRvnQh42/+GoBlFW3b2LXLE2xxJpZFdm94we0BaoV3RwJyGqg5wS7epxTv0Zvw==",
      "dependencies": {
        "call-bind": "^1.0.0",
        "get-intrinsic": "^1.0.2",
        "object-inspect": "^1.9.0"
      },
      "funding": {
        "url": "https://github.com/sponsors/ljharb"
      }
    },
    "node_modules/stylis": {
      "version": "4.2.0",
      "resolved": "https://registry.npmjs.org/stylis/-/stylis-4.2.0.tgz",
      "integrity": "sha512-Orov6g6BB1sDfYgzWfTHDOxamtX1bE/zo104Dh9e6fqJ3PooipYyfJ0pUmrZO2wAvO8YbEyeFrkV91XTsGMSrw==",
      "peer": true
    },
    "node_modules/tr46": {
      "version": "0.0.3",
      "resolved": "https://registry.npmjs.org/tr46/-/tr46-0.0.3.tgz",
      "integrity": "sha512-N3WMsuqV66lT30CrXNbEjx4GEwlow3v6rr4mCcv6prnfwhS01rkgyFdjPNBYd9br7LpXV1+Emh01fHnq2Gdgrw=="
    },
    "node_modules/ts-react-google-login-component": {
      "version": "1.1.9",
      "resolved": "https://registry.npmjs.org/ts-react-google-login-component/-/ts-react-google-login-component-1.1.9.tgz",
      "integrity": "sha512-1Qu10q+LrXUvpFChyKfveIWB+iDQSYTvFvcgPDNJUiwSqqlLoZRXDS3TuHjOG/eZhhy3f3YxzidabluKh2/rjw=="
    },
    "node_modules/url-template": {
      "version": "2.0.8",
      "resolved": "https://registry.npmjs.org/url-template/-/url-template-2.0.8.tgz",
      "integrity": "sha512-XdVKMF4SJ0nP/O7XIPB0JwAEuT9lDIYnNsK8yGVe43y0AWoKeJNdv3ZNWh7ksJ6KqQFjOO6ox/VEitLnaVNufw=="
    },
    "node_modules/uuid": {
      "version": "9.0.1",
      "resolved": "https://registry.npmjs.org/uuid/-/uuid-9.0.1.tgz",
      "integrity": "sha512-b+1eJOlsR9K8HJpow9Ok3fiWOWSIcIzXodvv0rQjVoOVNpWMpxf1wZNpt4y9h10odCNrqnYp1OBzRktckBe3sA==",
      "funding": [
        "https://github.com/sponsors/broofa",
        "https://github.com/sponsors/ctavan"
      ],
      "bin": {
        "uuid": "dist/bin/uuid"
      }
    },
    "node_modules/webidl-conversions": {
      "version": "3.0.1",
      "resolved": "https://registry.npmjs.org/webidl-conversions/-/webidl-conversions-3.0.1.tgz",
      "integrity": "sha512-2JAn3z8AR6rjK8Sm8orRC0h/bcl/DqL7tRPdGZ4I1CjdF+EaMLmYxBHyXuKL849eucPFhvBoxMsflfOb8kxaeQ=="
    },
    "node_modules/whatwg-url": {
      "version": "5.0.0",
      "resolved": "https://registry.npmjs.org/whatwg-url/-/whatwg-url-5.0.0.tgz",
      "integrity": "sha512-saE57nupxk6v3HY35+jzBwYa0rKSy0XR8JSxZPwgLr7ys0IBzhGviA1/TUGJLmSVqs8pb9AnvICXEuOHLprYTw==",
      "dependencies": {
        "tr46": "~0.0.3",
        "webidl-conversions": "^3.0.0"
      }
    }
  }
}
